
Microsoft Visual Studio Solution File, Format Version 12.00
# Visual Studio Version 17
VisualStudioVersion = 17.3.32929.385
MinimumVisualStudioVersion = 10.0.40219.1
Project("{FAE04EC0-301F-11D3-BF4B-00C04F79EFBC}") = "AsyncKeyedLockBenchmarks", "AsyncKeyedLockBenchmarks\AsyncKeyedLockBenchmarks.csproj", "{03D51934-91EA-47E3-A106-DB8B1647BABE}"
EndProject
Global
	GlobalSection(SolutionConfigurationPlatforms) = preSolution
		Debug|Any CPU = Debug|Any CPU
		Release|Any CPU = Release|Any CPU
	EndGlobalSection
	GlobalSection(ProjectConfigurationPlatforms) = postSolution
		{03D51934-91EA-47E3-A106-DB8B1647BABE}.Debug|Any CPU.ActiveCfg = Debug|Any CPU
		{03D51934-91EA-47E3-A106-DB8B1647BABE}.Debug|Any CPU.Build.0 = Debug|Any CPU
		{03D51934-91EA-47E3-A106-DB8B1647BABE}.Release|Any CPU.ActiveCfg = Release|Any CPU
		{03D51934-91EA-47E3-A106-DB8B1647BABE}.Release|Any CPU.Build.0 = Release|Any CPU
	EndGlobalSection
	GlobalSection(SolutionProperties) = preSolution
		HideSolutionNode = FALSE
	EndGlobalSection
	GlobalSection(ExtensibilityGlobals) = postSolution
		SolutionGuid = {5A6C3273-EE1D-4F84-B761-783CB43E60AD}
	EndGlobalSection
EndGlobal
