
Microsoft Visual Studio Solution File, Format Version 12.00
# Visual Studio Version 18
VisualStudioVersion = 18.0.11217.181 d18.0
MinimumVisualStudioVersion = 10.0.40219.1
Project("{9A19103F-16F7-4668-BE54-9A1E7A4F7556}") = "AsyncKeyedLockBenchmarks", "AsyncKeyedLockBenchmarks\AsyncKeyedLockBenchmarks.csproj", "{03D51934-91EA-47E3-A106-DB8B1647BABE}"
EndProject
Project("{2150E333-8FDC-42A3-9474-1A3956D46DE8}") = "Solution Items", "Solution Items", "{0746C4CC-B008-4280-948B-D133CECC53C4}"
	ProjectSection(SolutionItems) = preProject
		.github\workflows\comparison.yml = .github\workflows\comparison.yml
	EndProjectSection
EndProject
Global
	GlobalSection(SolutionConfigurationPlatforms) = preSolution
		Debug|Any CPU = Debug|Any CPU
		Release|Any CPU = Release|Any CPU
	EndGlobalSection
	GlobalSection(ProjectConfigurationPlatforms) = postSolution
		{03D51934-91EA-47E3-A106-DB8B1647BABE}.Debug|Any CPU.ActiveCfg = Debug|Any CPU
		{03D51934-91EA-47E3-A106-DB8B1647BABE}.Debug|Any CPU.Build.0 = Debug|Any CPU
		{03D51934-91EA-47E3-A106-DB8B1647BABE}.Release|Any CPU.ActiveCfg = Release|Any CPU
		{03D51934-91EA-47E3-A106-DB8B1647BABE}.Release|Any CPU.Build.0 = Release|Any CPU
	EndGlobalSection
	GlobalSection(SolutionProperties) = preSolution
		HideSolutionNode = FALSE
	EndGlobalSection
	GlobalSection(ExtensibilityGlobals) = postSolution
		SolutionGuid = {5A6C3273-EE1D-4F84-B761-783CB43E60AD}
	EndGlobalSection
EndGlobal
